
Microsoft Visual Studio Solution File, Format Version 12.00
# Visual Studio Version 17
VisualStudioVersion = 17.1.32228.430
MinimumVisualStudioVersion = 10.0.40219.1
Project("{FAE04EC0-301F-11D3-BF4B-00C04F79EFBC}") = "MultiDatabases.API", "MultiDatabases.API\MultiDatabases.API.csproj", "{34F97409-6FDD-4B79-BB29-FC288891A2D4}"
EndProject
Project("{FAE04EC0-301F-11D3-BF4B-00C04F79EFBC}") = "MultiDatabases.Domain", "MultiDatabases.Domain\MultiDatabases.Domain.csproj", "{FB1E6042-3140-4C47-9A9D-122BFE461DF0}"
EndProject
Project("{FAE04EC0-301F-11D3-BF4B-00C04F79EFBC}") = "MultiDatabases.Application", "MultiDatabases.Application\MultiDatabases.Application.csproj", "{07C03BAC-3747-4F0C-9DAF-0FCB73F85ED1}"
EndProject
Project("{FAE04EC0-301F-11D3-BF4B-00C04F79EFBC}") = "MultiDatabases.Infrastructure", "MultiDatabases.Infrastructure\MultiDatabases.Infrastructure.csproj", "{D0D6E400-4483-43EF-BAFF-4F08E9631D75}"
EndProject
Global
	GlobalSection(SolutionConfigurationPlatforms) = preSolution
		Debug|Any CPU = Debug|Any CPU
		Release|Any CPU = Release|Any CPU
	EndGlobalSection
	GlobalSection(ProjectConfigurationPlatforms) = postSolution
		{34F97409-6FDD-4B79-BB29-FC288891A2D4}.Debug|Any CPU.ActiveCfg = Debug|Any CPU
		{34F97409-6FDD-4B79-BB29-FC288891A2D4}.Debug|Any CPU.Build.0 = Debug|Any CPU
		{34F97409-6FDD-4B79-BB29-FC288891A2D4}.Release|Any CPU.ActiveCfg = Release|Any CPU
		{34F97409-6FDD-4B79-BB29-FC288891A2D4}.Release|Any CPU.Build.0 = Release|Any CPU
		{FB1E6042-3140-4C47-9A9D-122BFE461DF0}.Debug|Any CPU.ActiveCfg = Debug|Any CPU
		{FB1E6042-3140-4C47-9A9D-122BFE461DF0}.Debug|Any CPU.Build.0 = Debug|Any CPU
		{FB1E6042-3140-4C47-9A9D-122BFE461DF0}.Release|Any CPU.ActiveCfg = Release|Any CPU
		{FB1E6042-3140-4C47-9A9D-122BFE461DF0}.Release|Any CPU.Build.0 = Release|Any CPU
		{07C03BAC-3747-4F0C-9DAF-0FCB73F85ED1}.Debug|Any CPU.ActiveCfg = Debug|Any CPU
		{07C03BAC-3747-4F0C-9DAF-0FCB73F85ED1}.Debug|Any CPU.Build.0 = Debug|Any CPU
		{07C03BAC-3747-4F0C-9DAF-0FCB73F85ED1}.Release|Any CPU.ActiveCfg = Release|Any CPU
		{07C03BAC-3747-4F0C-9DAF-0FCB73F85ED1}.Release|Any CPU.Build.0 = Release|Any CPU
		{D0D6E400-4483-43EF-BAFF-4F08E9631D75}.Debug|Any CPU.ActiveCfg = Debug|Any CPU
		{D0D6E400-4483-43EF-BAFF-4F08E9631D75}.Debug|Any CPU.Build.0 = Debug|Any CPU
		{D0D6E400-4483-43EF-BAFF-4F08E9631D75}.Release|Any CPU.ActiveCfg = Release|Any CPU
		{D0D6E400-4483-43EF-BAFF-4F08E9631D75}.Release|Any CPU.Build.0 = Release|Any CPU
	EndGlobalSection
	GlobalSection(SolutionProperties) = preSolution
		HideSolutionNode = FALSE
	EndGlobalSection
	GlobalSection(ExtensibilityGlobals) = postSolution
		SolutionGuid = {2893E1A2-B611-40B1-A61E-09EAE89F3437}
	EndGlobalSection
EndGlobal
